
Microsoft Visual Studio Solution File, Format Version 12.00
# Visual Studio Version 17
VisualStudioVersion = 17.9.34714.143
MinimumVisualStudioVersion = 10.0.40219.1
Project("{2150E333-8FDC-42A3-9474-1A3956D46DE8}") = "Solution Items", "Solution Items", "{6116AE23-F8CE-4FFE-BB8F-8A1269765120}"
	ProjectSection(SolutionItems) = preProject
		..\..\README.md = ..\..\README.md
	EndProjectSection
EndProject
Project("{9A19103F-16F7-4668-BE54-9A1E7A4F7556}") = "Exercicio01", "Exercicio01\Exercicio01.csproj", "{88B2BA2B-B59C-4D5A-B027-6840E052F5BD}"
EndProject
Project("{9A19103F-16F7-4668-BE54-9A1E7A4F7556}") = "Exercicio03", "Exercicio03\Exercicio03.csproj", "{9C272F45-584A-414E-A55A-1BEAA105E0C9}"
EndProject
Project("{9A19103F-16F7-4668-BE54-9A1E7A4F7556}") = "Exercicio04", "Exercicio04\Exercicio04.csproj", "{4AD334D8-0291-42F2-9D69-D01D4A566FAF}"
EndProject
Project("{9A19103F-16F7-4668-BE54-9A1E7A4F7556}") = "Exercicio05", "Exercicio05\Exercicio05.csproj", "{F61189DE-B9C8-4A70-9582-1BDC61027A69}"
EndProject
Project("{9A19103F-16F7-4668-BE54-9A1E7A4F7556}") = "Exercício06", "Exercício06\Exercício06.csproj", "{534ABF38-27B4-4C1C-88F2-0E3B1A5E813D}"
EndProject
Project("{2150E333-8FDC-42A3-9474-1A3956D46DE8}") = "Entrada, Processamento e Saída de Dados", "Entrada, Processamento e Saída de Dados", "{DDF9063A-1E94-45F8-BED6-E9DA631A4226}"
EndProject
Project("{2150E333-8FDC-42A3-9474-1A3956D46DE8}") = "Estruturas de Decisão", "Estruturas de Decisão", "{829492C0-411E-4C52-8AF8-179BB00922D8}"
EndProject
Project("{9A19103F-16F7-4668-BE54-9A1E7A4F7556}") = "Exercício07", "Exercício07\Exercício07.csproj", "{9AF6F375-C173-4EC5-82C7-00620E145ADA}"
EndProject
Project("{9A19103F-16F7-4668-BE54-9A1E7A4F7556}") = "Exercício08", "Exercício08\Exercício08.csproj", "{696E407E-14D4-46C9-9EEB-9F26C6D4E37A}"
EndProject
Project("{FAE04EC0-301F-11D3-BF4B-00C04F79EFBC}") = "Exercício11", "Exercício11\Exercício11.csproj", "{573FEB0D-98FC-457A-B9E3-627DB95DFA10}"
EndProject
Project("{9A19103F-16F7-4668-BE54-9A1E7A4F7556}") = "Exercício09", "Exercício09\Exercício09.csproj", "{06635B43-AC29-4F19-B1F3-93FF9DCBD22E}"
EndProject
Project("{FAE04EC0-301F-11D3-BF4B-00C04F79EFBC}") = "Exercício10", "Exercício10\Exercício10.csproj", "{24A65132-28FB-4563-A701-AC6D59C56F64}"
EndProject
Project("{2150E333-8FDC-42A3-9474-1A3956D46DE8}") = "Estruturas de Repetição", "Estruturas de Repetição", "{B939B61A-35AF-449D-BFD1-BF161691015D}"
EndProject
Project("{FAE04EC0-301F-11D3-BF4B-00C04F79EFBC}") = "Exercício12", "Exercício12\Exercício12.csproj", "{028614E0-E851-4EA0-824A-39BCA658C395}"
EndProject
Project("{FAE04EC0-301F-11D3-BF4B-00C04F79EFBC}") = "Exercício13", "Exercício13\Exercício13.csproj", "{8D3DE066-AC6A-46E0-8DA5-61A3C62FBE85}"
EndProject
Project("{FAE04EC0-301F-11D3-BF4B-00C04F79EFBC}") = "Exercício14", "Exercício14\Exercício14.csproj", "{D51D3DF5-354B-4F3E-8022-5F310BD86845}"
EndProject
Project("{FAE04EC0-301F-11D3-BF4B-00C04F79EFBC}") = "Exercício15", "Exercício15\Exercício15.csproj", "{A258B1B9-628F-4292-A20F-8BB3A7FAD450}"
EndProject
Project("{FAE04EC0-301F-11D3-BF4B-00C04F79EFBC}") = "Exercício16", "Exercício16\Exercício16.csproj", "{72B2DF5F-81B2-4DA0-9539-131E33171187}"
EndProject
Global
	GlobalSection(SolutionConfigurationPlatforms) = preSolution
		Debug|Any CPU = Debug|Any CPU
		Release|Any CPU = Release|Any CPU
	EndGlobalSection
	GlobalSection(ProjectConfigurationPlatforms) = postSolution
		{88B2BA2B-B59C-4D5A-B027-6840E052F5BD}.Debug|Any CPU.ActiveCfg = Debug|Any CPU
		{88B2BA2B-B59C-4D5A-B027-6840E052F5BD}.Debug|Any CPU.Build.0 = Debug|Any CPU
		{88B2BA2B-B59C-4D5A-B027-6840E052F5BD}.Release|Any CPU.ActiveCfg = Release|Any CPU
		{88B2BA2B-B59C-4D5A-B027-6840E052F5BD}.Release|Any CPU.Build.0 = Release|Any CPU
		{9C272F45-584A-414E-A55A-1BEAA105E0C9}.Debug|Any CPU.ActiveCfg = Debug|Any CPU
		{9C272F45-584A-414E-A55A-1BEAA105E0C9}.Debug|Any CPU.Build.0 = Debug|Any CPU
		{9C272F45-584A-414E-A55A-1BEAA105E0C9}.Release|Any CPU.ActiveCfg = Release|Any CPU
		{9C272F45-584A-414E-A55A-1BEAA105E0C9}.Release|Any CPU.Build.0 = Release|Any CPU
		{4AD334D8-0291-42F2-9D69-D01D4A566FAF}.Debug|Any CPU.ActiveCfg = Debug|Any CPU
		{4AD334D8-0291-42F2-9D69-D01D4A566FAF}.Debug|Any CPU.Build.0 = Debug|Any CPU
		{4AD334D8-0291-42F2-9D69-D01D4A566FAF}.Release|Any CPU.ActiveCfg = Release|Any CPU
		{4AD334D8-0291-42F2-9D69-D01D4A566FAF}.Release|Any CPU.Build.0 = Release|Any CPU
		{F61189DE-B9C8-4A70-9582-1BDC61027A69}.Debug|Any CPU.ActiveCfg = Debug|Any CPU
		{F61189DE-B9C8-4A70-9582-1BDC61027A69}.Debug|Any CPU.Build.0 = Debug|Any CPU
		{F61189DE-B9C8-4A70-9582-1BDC61027A69}.Release|Any CPU.ActiveCfg = Release|Any CPU
		{F61189DE-B9C8-4A70-9582-1BDC61027A69}.Release|Any CPU.Build.0 = Release|Any CPU
		{534ABF38-27B4-4C1C-88F2-0E3B1A5E813D}.Debug|Any CPU.ActiveCfg = Debug|Any CPU
		{534ABF38-27B4-4C1C-88F2-0E3B1A5E813D}.Debug|Any CPU.Build.0 = Debug|Any CPU
		{534ABF38-27B4-4C1C-88F2-0E3B1A5E813D}.Release|Any CPU.ActiveCfg = Release|Any CPU
		{534ABF38-27B4-4C1C-88F2-0E3B1A5E813D}.Release|Any CPU.Build.0 = Release|Any CPU
		{9AF6F375-C173-4EC5-82C7-00620E145ADA}.Debug|Any CPU.ActiveCfg = Debug|Any CPU
		{9AF6F375-C173-4EC5-82C7-00620E145ADA}.Debug|Any CPU.Build.0 = Debug|Any CPU
		{9AF6F375-C173-4EC5-82C7-00620E145ADA}.Release|Any CPU.ActiveCfg = Release|Any CPU
		{9AF6F375-C173-4EC5-82C7-00620E145ADA}.Release|Any CPU.Build.0 = Release|Any CPU
		{696E407E-14D4-46C9-9EEB-9F26C6D4E37A}.Debug|Any CPU.ActiveCfg = Debug|Any CPU
		{696E407E-14D4-46C9-9EEB-9F26C6D4E37A}.Debug|Any CPU.Build.0 = Debug|Any CPU
		{696E407E-14D4-46C9-9EEB-9F26C6D4E37A}.Release|Any CPU.ActiveCfg = Release|Any CPU
		{696E407E-14D4-46C9-9EEB-9F26C6D4E37A}.Release|Any CPU.Build.0 = Release|Any CPU
		{573FEB0D-98FC-457A-B9E3-627DB95DFA10}.Debug|Any CPU.ActiveCfg = Debug|Any CPU
		{573FEB0D-98FC-457A-B9E3-627DB95DFA10}.Debug|Any CPU.Build.0 = Debug|Any CPU
		{573FEB0D-98FC-457A-B9E3-627DB95DFA10}.Release|Any CPU.ActiveCfg = Release|Any CPU
		{573FEB0D-98FC-457A-B9E3-627DB95DFA10}.Release|Any CPU.Build.0 = Release|Any CPU
		{06635B43-AC29-4F19-B1F3-93FF9DCBD22E}.Debug|Any CPU.ActiveCfg = Debug|Any CPU
		{06635B43-AC29-4F19-B1F3-93FF9DCBD22E}.Debug|Any CPU.Build.0 = Debug|Any CPU
		{06635B43-AC29-4F19-B1F3-93FF9DCBD22E}.Release|Any CPU.ActiveCfg = Release|Any CPU
		{06635B43-AC29-4F19-B1F3-93FF9DCBD22E}.Release|Any CPU.Build.0 = Release|Any CPU
		{24A65132-28FB-4563-A701-AC6D59C56F64}.Debug|Any CPU.ActiveCfg = Debug|Any CPU
		{24A65132-28FB-4563-A701-AC6D59C56F64}.Debug|Any CPU.Build.0 = Debug|Any CPU
		{24A65132-28FB-4563-A701-AC6D59C56F64}.Release|Any CPU.ActiveCfg = Release|Any CPU
		{24A65132-28FB-4563-A701-AC6D59C56F64}.Release|Any CPU.Build.0 = Release|Any CPU
		{028614E0-E851-4EA0-824A-39BCA658C395}.Debug|Any CPU.ActiveCfg = Debug|Any CPU
		{028614E0-E851-4EA0-824A-39BCA658C395}.Debug|Any CPU.Build.0 = Debug|Any CPU
		{028614E0-E851-4EA0-824A-39BCA658C395}.Release|Any CPU.ActiveCfg = Release|Any CPU
		{028614E0-E851-4EA0-824A-39BCA658C395}.Release|Any CPU.Build.0 = Release|Any CPU
		{8D3DE066-AC6A-46E0-8DA5-61A3C62FBE85}.Debug|Any CPU.ActiveCfg = Debug|Any CPU
		{8D3DE066-AC6A-46E0-8DA5-61A3C62FBE85}.Debug|Any CPU.Build.0 = Debug|Any CPU
		{8D3DE066-AC6A-46E0-8DA5-61A3C62FBE85}.Release|Any CPU.ActiveCfg = Release|Any CPU
		{8D3DE066-AC6A-46E0-8DA5-61A3C62FBE85}.Release|Any CPU.Build.0 = Release|Any CPU
		{D51D3DF5-354B-4F3E-8022-5F310BD86845}.Debug|Any CPU.ActiveCfg = Debug|Any CPU
		{D51D3DF5-354B-4F3E-8022-5F310BD86845}.Debug|Any CPU.Build.0 = Debug|Any CPU
		{D51D3DF5-354B-4F3E-8022-5F310BD86845}.Release|Any CPU.ActiveCfg = Release|Any CPU
		{D51D3DF5-354B-4F3E-8022-5F310BD86845}.Release|Any CPU.Build.0 = Release|Any CPU
		{A258B1B9-628F-4292-A20F-8BB3A7FAD450}.Debug|Any CPU.ActiveCfg = Debug|Any CPU
		{A258B1B9-628F-4292-A20F-8BB3A7FAD450}.Debug|Any CPU.Build.0 = Debug|Any CPU
		{A258B1B9-628F-4292-A20F-8BB3A7FAD450}.Release|Any CPU.ActiveCfg = Release|Any CPU
		{A258B1B9-628F-4292-A20F-8BB3A7FAD450}.Release|Any CPU.Build.0 = Release|Any CPU
		{72B2DF5F-81B2-4DA0-9539-131E33171187}.Debug|Any CPU.ActiveCfg = Debug|Any CPU
		{72B2DF5F-81B2-4DA0-9539-131E33171187}.Debug|Any CPU.Build.0 = Debug|Any CPU
		{72B2DF5F-81B2-4DA0-9539-131E33171187}.Release|Any CPU.ActiveCfg = Release|Any CPU
		{72B2DF5F-81B2-4DA0-9539-131E33171187}.Release|Any CPU.Build.0 = Release|Any CPU
	EndGlobalSection
	GlobalSection(SolutionProperties) = preSolution
		HideSolutionNode = FALSE
	EndGlobalSection
	GlobalSection(NestedProjects) = preSolution
		{88B2BA2B-B59C-4D5A-B027-6840E052F5BD} = {DDF9063A-1E94-45F8-BED6-E9DA631A4226}
		{9C272F45-584A-414E-A55A-1BEAA105E0C9} = {DDF9063A-1E94-45F8-BED6-E9DA631A4226}
		{4AD334D8-0291-42F2-9D69-D01D4A566FAF} = {DDF9063A-1E94-45F8-BED6-E9DA631A4226}
		{F61189DE-B9C8-4A70-9582-1BDC61027A69} = {DDF9063A-1E94-45F8-BED6-E9DA631A4226}
		{534ABF38-27B4-4C1C-88F2-0E3B1A5E813D} = {DDF9063A-1E94-45F8-BED6-E9DA631A4226}
		{9AF6F375-C173-4EC5-82C7-00620E145ADA} = {829492C0-411E-4C52-8AF8-179BB00922D8}
		{696E407E-14D4-46C9-9EEB-9F26C6D4E37A} = {829492C0-411E-4C52-8AF8-179BB00922D8}
		{573FEB0D-98FC-457A-B9E3-627DB95DFA10} = {829492C0-411E-4C52-8AF8-179BB00922D8}
		{06635B43-AC29-4F19-B1F3-93FF9DCBD22E} = {829492C0-411E-4C52-8AF8-179BB00922D8}
		{24A65132-28FB-4563-A701-AC6D59C56F64} = {829492C0-411E-4C52-8AF8-179BB00922D8}
		{028614E0-E851-4EA0-824A-39BCA658C395} = {B939B61A-35AF-449D-BFD1-BF161691015D}
		{8D3DE066-AC6A-46E0-8DA5-61A3C62FBE85} = {B939B61A-35AF-449D-BFD1-BF161691015D}
		{D51D3DF5-354B-4F3E-8022-5F310BD86845} = {B939B61A-35AF-449D-BFD1-BF161691015D}
		{A258B1B9-628F-4292-A20F-8BB3A7FAD450} = {B939B61A-35AF-449D-BFD1-BF161691015D}
		{72B2DF5F-81B2-4DA0-9539-131E33171187} = {B939B61A-35AF-449D-BFD1-BF161691015D}
	EndGlobalSection
	GlobalSection(ExtensibilityGlobals) = postSolution
		SolutionGuid = {065D60E2-E288-49C6-9F6D-A845D255A6EA}
	EndGlobalSection
EndGlobal
